
Microsoft Visual Studio Solution File, Format Version 12.00
# Visual Studio 15
VisualStudioVersion = 15.0.27428.2037
MinimumVisualStudioVersion = 10.0.40219.1
Project("{9A19103F-16F7-4668-BE54-9A1E7A4F7556}") = "CrmUpdateHandler", "CrmUpdateHandler\CrmUpdateHandler.csproj", "{074A6B72-3285-4333-BE62-3E46578B102F}"
EndProject
Project("{FAE04EC0-301F-11D3-BF4B-00C04F79EFBC}") = "Test", "Test\Test.csproj", "{FC4F602A-B3D8-40D0-9F68-2D1671231AF7}"
EndProject
Global
	GlobalSection(SolutionConfigurationPlatforms) = preSolution
		Debug|Any CPU = Debug|Any CPU
		Release|Any CPU = Release|Any CPU
	EndGlobalSection
	GlobalSection(ProjectConfigurationPlatforms) = postSolution
		{074A6B72-3285-4333-BE62-3E46578B102F}.Debug|Any CPU.ActiveCfg = Debug|Any CPU
		{074A6B72-3285-4333-BE62-3E46578B102F}.Debug|Any CPU.Build.0 = Debug|Any CPU
		{074A6B72-3285-4333-BE62-3E46578B102F}.Release|Any CPU.ActiveCfg = Release|Any CPU
		{074A6B72-3285-4333-BE62-3E46578B102F}.Release|Any CPU.Build.0 = Release|Any CPU
		{FC4F602A-B3D8-40D0-9F68-2D1671231AF7}.Debug|Any CPU.ActiveCfg = Debug|Any CPU
		{FC4F602A-B3D8-40D0-9F68-2D1671231AF7}.Debug|Any CPU.Build.0 = Debug|Any CPU
		{FC4F602A-B3D8-40D0-9F68-2D1671231AF7}.Release|Any CPU.ActiveCfg = Release|Any CPU
		{FC4F602A-B3D8-40D0-9F68-2D1671231AF7}.Release|Any CPU.Build.0 = Release|Any CPU
	EndGlobalSection
	GlobalSection(SolutionProperties) = preSolution
		HideSolutionNode = FALSE
	EndGlobalSection
	GlobalSection(ExtensibilityGlobals) = postSolution
		SolutionGuid = {B8D8D042-8CFA-455A-901F-344E48AE8BC0}
	EndGlobalSection
EndGlobal
